// !$*UTF8*$!
{
	archiveVersion = 1;
	classes = {
	};
	objectVersion = 46;
	objects = {

/* Begin PBXBuildFile section */
		4B6F8D091A3402740057E654 /* AppDelegate.swift in Sources */ = {isa = PBXBuildFile; fileRef = 4B6F8D081A3402740057E654 /* AppDelegate.swift */; };
		4B6F8D0B1A3402740057E654 /* Images.xcassets in Resources */ = {isa = PBXBuildFile; fileRef = 4B6F8D0A1A3402740057E654 /* Images.xcassets */; };
		4B6F8D0E1A3402740057E654 /* MainMenu.xib in Resources */ = {isa = PBXBuildFile; fileRef = 4B6F8D0C1A3402740057E654 /* MainMenu.xib */; };
		4B6F8D1A1A3402750057E654 /* Meet_JoeTests.swift in Sources */ = {isa = PBXBuildFile; fileRef = 4B6F8D191A3402750057E654 /* Meet_JoeTests.swift */; };
		4B6F8D241A3419DB0057E654 /* WebKit.framework in Frameworks */ = {isa = PBXBuildFile; fileRef = 4B6F8D231A3419DB0057E654 /* WebKit.framework */; };
/* End PBXBuildFile section */

/* Begin PBXContainerItemProxy section */
		4B6F8D141A3402750057E654 /* PBXContainerItemProxy */ = {
			isa = PBXContainerItemProxy;
			containerPortal = 4B6F8CFB1A3402740057E654 /* Project object */;
			proxyType = 1;
			remoteGlobalIDString = 4B6F8D021A3402740057E654;
			remoteInfo = "Meet Joe";
		};
/* End PBXContainerItemProxy section */

/* Begin PBXFileReference section */
		4B6F8D031A3402740057E654 /* Meet Joe.app */ = {isa = PBXFileReference; explicitFileType = wrapper.application; includeInIndex = 0; path = "Meet Joe.app"; sourceTree = BUILT_PRODUCTS_DIR; };
		4B6F8D071A3402740057E654 /* Info.plist */ = {isa = PBXFileReference; lastKnownFileType = text.plist.xml; path = Info.plist; sourceTree = "<group>"; };
		4B6F8D081A3402740057E654 /* AppDelegate.swift */ = {isa = PBXFileReference; lastKnownFileType = sourcecode.swift; path = AppDelegate.swift; sourceTree = "<group>"; };
		4B6F8D0A1A3402740057E654 /* Images.xcassets */ = {isa = PBXFileReference; lastKnownFileType = folder.assetcatalog; path = Images.xcassets; sourceTree = "<group>"; };
		4B6F8D0D1A3402740057E654 /* Base */ = {isa = PBXFileReference; lastKnownFileType = file.xib; name = Base; path = Base.lproj/MainMenu.xib; sourceTree = "<group>"; };
		4B6F8D131A3402750057E654 /* Meet JoeTests.xctest */ = {isa = PBXFileReference; explicitFileType = wrapper.cfbundle; includeInIndex = 0; path = "Meet JoeTests.xctest"; sourceTree = BUILT_PRODUCTS_DIR; };
		4B6F8D181A3402750057E654 /* Info.plist */ = {isa = PBXFileReference; lastKnownFileType = text.plist.xml; path = Info.plist; sourceTree = "<group>"; };
		4B6F8D191A3402750057E654 /* Meet_JoeTests.swift */ = {isa = PBXFileReference; lastKnownFileType = sourcecode.swift; path = Meet_JoeTests.swift; sourceTree = "<group>"; };
		4B6F8D231A3419DB0057E654 /* WebKit.framework */ = {isa = PBXFileReference; lastKnownFileType = wrapper.framework; name = WebKit.framework; path = System/Library/Frameworks/WebKit.framework; sourceTree = SDKROOT; };
/* End PBXFileReference section */

/* Begin PBXFrameworksBuildPhase section */
		4B6F8D001A3402740057E654 /* Frameworks */ = {
			isa = PBXFrameworksBuildPhase;
			buildActionMask = 2147483647;
			files = (
				4B6F8D241A3419DB0057E654 /* WebKit.framework in Frameworks */,
			);
			runOnlyForDeploymentPostprocessing = 0;
		};
		4B6F8D101A3402750057E654 /* Frameworks */ = {
			isa = PBXFrameworksBuildPhase;
			buildActionMask = 2147483647;
			files = (
			);
			runOnlyForDeploymentPostprocessing = 0;
		};
/* End PBXFrameworksBuildPhase section */

/* Begin PBXGroup section */
		4B6F8CFA1A3402740057E654 = {
			isa = PBXGroup;
			children = (
				4B6F8D231A3419DB0057E654 /* WebKit.framework */,
				4B6F8D051A3402740057E654 /* Meet Joe */,
				4B6F8D161A3402750057E654 /* Meet JoeTests */,
				4B6F8D041A3402740057E654 /* Products */,
			);
			sourceTree = "<group>";
		};
		4B6F8D041A3402740057E654 /* Products */ = {
			isa = PBXGroup;
			children = (
				4B6F8D031A3402740057E654 /* Meet Joe.app */,
				4B6F8D131A3402750057E654 /* Meet JoeTests.xctest */,
			);
			name = Products;
			sourceTree = "<group>";
		};
		4B6F8D051A3402740057E654 /* Meet Joe */ = {
			isa = PBXGroup;
			children = (
				4B6F8D081A3402740057E654 /* AppDelegate.swift */,
				4B6F8D0A1A3402740057E654 /* Images.xcassets */,
				4B6F8D0C1A3402740057E654 /* MainMenu.xib */,
				4B6F8D061A3402740057E654 /* Supporting Files */,
			);
			path = "Meet Joe";
			sourceTree = "<group>";
		};
		4B6F8D061A3402740057E654 /* Supporting Files */ = {
			isa = PBXGroup;
			children = (
				4B6F8D071A3402740057E654 /* Info.plist */,
			);
			name = "Supporting Files";
			sourceTree = "<group>";
		};
		4B6F8D161A3402750057E654 /* Meet JoeTests */ = {
			isa = PBXGroup;
			children = (
				4B6F8D191A3402750057E654 /* Meet_JoeTests.swift */,
				4B6F8D171A3402750057E654 /* Supporting Files */,
			);
			path = "Meet JoeTests";
			sourceTree = "<group>";
		};
		4B6F8D171A3402750057E654 /* Supporting Files */ = {
			isa = PBXGroup;
			children = (
				4B6F8D181A3402750057E654 /* Info.plist */,
			);
			name = "Supporting Files";
			sourceTree = "<group>";
		};
/* End PBXGroup section */

/* Begin PBXNativeTarget section */
		4B6F8D021A3402740057E654 /* Meet Joe */ = {
			isa = PBXNativeTarget;
			buildConfigurationList = 4B6F8D1D1A3402750057E654 /* Build configuration list for PBXNativeTarget "Meet Joe" */;
			buildPhases = (
				4B6F8CFF1A3402740057E654 /* Sources */,
				4B6F8D001A3402740057E654 /* Frameworks */,
				4B6F8D011A3402740057E654 /* Resources */,
			);
			buildRules = (
			);
			dependencies = (
			);
			name = "Meet Joe";
			productName = "Meet Joe";
			productReference = 4B6F8D031A3402740057E654 /* Meet Joe.app */;
			productType = "com.apple.product-type.application";
		};
		4B6F8D121A3402750057E654 /* Meet JoeTests */ = {
			isa = PBXNativeTarget;
			buildConfigurationList = 4B6F8D201A3402750057E654 /* Build configuration list for PBXNativeTarget "Meet JoeTests" */;
			buildPhases = (
				4B6F8D0F1A3402750057E654 /* Sources */,
				4B6F8D101A3402750057E654 /* Frameworks */,
				4B6F8D111A3402750057E654 /* Resources */,
			);
			buildRules = (
			);
			dependencies = (
				4B6F8D151A3402750057E654 /* PBXTargetDependency */,
			);
			name = "Meet JoeTests";
			productName = "Meet JoeTests";
			productReference = 4B6F8D131A3402750057E654 /* Meet JoeTests.xctest */;
			productType = "com.apple.product-type.bundle.unit-test";
		};
/* End PBXNativeTarget section */

/* Begin PBXProject section */
		4B6F8CFB1A3402740057E654 /* Project object */ = {
			isa = PBXProject;
			attributes = {
				LastUpgradeCheck = 0610;
				ORGANIZATIONNAME = "Dynamo Designs";
				TargetAttributes = {
					4B6F8D021A3402740057E654 = {
						CreatedOnToolsVersion = 6.1.1;
					};
					4B6F8D121A3402750057E654 = {
						CreatedOnToolsVersion = 6.1.1;
						TestTargetID = 4B6F8D021A3402740057E654;
					};
				};
			};
			buildConfigurationList = 4B6F8CFE1A3402740057E654 /* Build configuration list for PBXProject "Meet Joe" */;
			compatibilityVersion = "Xcode 3.2";
			developmentRegion = English;
			hasScannedForEncodings = 0;
			knownRegions = (
				en,
				Base,
			);
			mainGroup = 4B6F8CFA1A3402740057E654;
			productRefGroup = 4B6F8D041A3402740057E654 /* Products */;
			projectDirPath = "";
			projectRoot = "";
			targets = (
				4B6F8D021A3402740057E654 /* Meet Joe */,
				4B6F8D121A3402750057E654 /* Meet JoeTests */,
			);
		};
/* End PBXProject section */

/* Begin PBXResourcesBuildPhase section */
		4B6F8D011A3402740057E654 /* Resources */ = {
			isa = PBXResourcesBuildPhase;
			buildActionMask = 2147483647;
			files = (
				4B6F8D0B1A3402740057E654 /* Images.xcassets in Resources */,
				4B6F8D0E1A3402740057E654 /* MainMenu.xib in Resources */,
			);
			runOnlyForDeploymentPostprocessing = 0;
		};
		4B6F8D111A3402750057E654 /* Resources */ = {
			isa = PBXResourcesBuildPhase;
			buildActionMask = 2147483647;
			files = (
			);
			runOnlyForDeploymentPostprocessing = 0;
		};
/* End PBXResourcesBuildPhase section */

/* Begin PBXSourcesBuildPhase section */
		4B6F8CFF1A3402740057E654 /* Sources */ = {
			isa = PBXSourcesBuildPhase;
			buildActionMask = 2147483647;
			files = (
				4B6F8D091A3402740057E654 /* AppDelegate.swift in Sources */,
			);
			runOnlyForDeploymentPostprocessing = 0;
		};
		4B6F8D0F1A3402750057E654 /* Sources */ = {
			isa = PBXSourcesBuildPhase;
			buildActionMask = 2147483647;
			files = (
				4B6F8D1A1A3402750057E654 /* Meet_JoeTests.swift in Sources */,
			);
			runOnlyForDeploymentPostprocessing = 0;
		};
/* End PBXSourcesBuildPhase section */

/* Begin PBXTargetDependency section */
		4B6F8D151A3402750057E654 /* PBXTargetDependency */ = {
			isa = PBXTargetDependency;
			target = 4B6F8D021A3402740057E654 /* Meet Joe */;
			targetProxy = 4B6F8D141A3402750057E654 /* PBXContainerItemProxy */;
		};
/* End PBXTargetDependency section */

/* Begin PBXVariantGroup section */
		4B6F8D0C1A3402740057E654 /* MainMenu.xib */ = {
			isa = PBXVariantGroup;
			children = (
				4B6F8D0D1A3402740057E654 /* Base */,
			);
			name = MainMenu.xib;
			sourceTree = "<group>";
		};
/* End PBXVariantGroup section */

/* Begin XCBuildConfiguration section */
		4B6F8D1B1A3402750057E654 /* Debug */ = {
			isa = XCBuildConfiguration;
			buildSettings = {
				ALWAYS_SEARCH_USER_PATHS = NO;
				CLANG_CXX_LANGUAGE_STANDARD = "gnu++0x";
				CLANG_CXX_LIBRARY = "libc++";
				CLANG_ENABLE_MODULES = YES;
				CLANG_ENABLE_OBJC_ARC = YES;
				CLANG_WARN_BOOL_CONVERSION = YES;
				CLANG_WARN_CONSTANT_CONVERSION = YES;
				CLANG_WARN_DIRECT_OBJC_ISA_USAGE = YES_ERROR;
				CLANG_WARN_EMPTY_BODY = YES;
				CLANG_WARN_ENUM_CONVERSION = YES;
				CLANG_WARN_INT_CONVERSION = YES;
				CLANG_WARN_OBJC_ROOT_CLASS = YES_ERROR;
				CLANG_WARN_UNREACHABLE_CODE = YES;
				CLANG_WARN__DUPLICATE_METHOD_MATCH = YES;
				CODE_SIGN_IDENTITY = "-";
				COPY_PHASE_STRIP = NO;
				ENABLE_STRICT_OBJC_MSGSEND = YES;
				GCC_C_LANGUAGE_STANDARD = gnu99;
				GCC_DYNAMIC_NO_PIC = NO;
				GCC_OPTIMIZATION_LEVEL = 0;
				GCC_PREPROCESSOR_DEFINITIONS = (
					"DEBUG=1",
					"$(inherited)",
				);
				GCC_SYMBOLS_PRIVATE_EXTERN = NO;
				GCC_WARN_64_TO_32_BIT_CONVERSION = YES;
				GCC_WARN_ABOUT_RETURN_TYPE = YES_ERROR;
				GCC_WARN_UNDECLARED_SELECTOR = YES;
				GCC_WARN_UNINITIALIZED_AUTOS = YES_AGGRESSIVE;
				GCC_WARN_UNUSED_FUNCTION = YES;
				GCC_WARN_UNUSED_VARIABLE = YES;
				MACOSX_DEPLOYMENT_TARGET = 10.9;
				MTL_ENABLE_DEBUG_INFO = YES;
				ONLY_ACTIVE_ARCH = YES;
				SDKROOT = macosx;
				SWIFT_OPTIMIZATION_LEVEL = "-Onone";
			};
			name = Debug;
		};
		4B6F8D1C1A3402750057E654 /* Release */ = {
			isa = XCBuildConfiguration;
			buildSettings = {
				ALWAYS_SEARCH_USER_PATHS = NO;
				CLANG_CXX_LANGUAGE_STANDARD = "gnu++0x";
				CLANG_CXX_LIBRARY = "libc++";
				CLANG_ENABLE_MODULES = YES;
				CLANG_ENABLE_OBJC_ARC = YES;
				CLANG_WARN_BOOL_CONVERSION = YES;
				CLANG_WARN_CONSTANT_CONVERSION = YES;
				CLANG_WARN_DIRECT_OBJC_ISA_USAGE = YES_ERROR;
				CLANG_WARN_EMPTY_BODY = YES;
				CLANG_WARN_ENUM_CONVERSION = YES;
				CLANG_WARN_INT_CONVERSION = YES;
				CLANG_WARN_OBJC_ROOT_CLASS = YES_ERROR;
				CLANG_WARN_UNREACHABLE_CODE = YES;
				CLANG_WARN__DUPLICATE_METHOD_MATCH = YES;
				CODE_SIGN_IDENTITY = "-";
				COPY_PHASE_STRIP = YES;
				DEBUG_INFORMATION_FORMAT = "dwarf-with-dsym";
				ENABLE_NS_ASSERTIONS = NO;
				ENABLE_STRICT_OBJC_MSGSEND = YES;
				GCC_C_LANGUAGE_STANDARD = gnu99;
				GCC_WARN_64_TO_32_BIT_CONVERSION = YES;
				GCC_WARN_ABOUT_RETURN_TYPE = YES_ERROR;
				GCC_WARN_UNDECLARED_SELECTOR = YES;
				GCC_WARN_UNINITIALIZED_AUTOS = YES_AGGRESSIVE;
				GCC_WARN_UNUSED_FUNCTION = YES;
				GCC_WARN_UNUSED_VARIABLE = YES;
				MACOSX_DEPLOYMENT_TARGET = 10.9;
				MTL_ENABLE_DEBUG_INFO = NO;
				SDKROOT = macosx;
			};
			name = Release;
		};
		4B6F8D1E1A3402750057E654 /* Debug */ = {
			isa = XCBuildConfiguration;
			buildSettings = {
				ASSETCATALOG_COMPILER_APPICON_NAME = AppIcon;
				COMBINE_HIDPI_IMAGES = YES;
				INFOPLIST_FILE = "Meet Joe/Info.plist";
				LD_RUNPATH_SEARCH_PATHS = "$(inherited) @executable_path/../Frameworks";
				PRODUCT_NAME = "$(TARGET_NAME)";
			};
			name = Debug;
		};
		4B6F8D1F1A3402750057E654 /* Release */ = {
			isa = XCBuildConfiguration;
			buildSettings = {
				ASSETCATALOG_COMPILER_APPICON_NAME = AppIcon;
				COMBINE_HIDPI_IMAGES = YES;
				INFOPLIST_FILE = "Meet Joe/Info.plist";
				LD_RUNPATH_SEARCH_PATHS = "$(inherited) @executable_path/../Frameworks";
				PRODUCT_NAME = "$(TARGET_NAME)";
			};
			name = Release;
		};
		4B6F8D211A3402750057E654 /* Debug */ = {
			isa = XCBuildConfiguration;
			buildSettings = {
				BUNDLE_LOADER = "$(TEST_HOST)";
				COMBINE_HIDPI_IMAGES = YES;
				FRAMEWORK_SEARCH_PATHS = (
					"$(DEVELOPER_FRAMEWORKS_DIR)",
					"$(inherited)",
				);
				GCC_PREPROCESSOR_DEFINITIONS = (
					"DEBUG=1",
					"$(inherited)",
				);
				INFOPLIST_FILE = "Meet JoeTests/Info.plist";
				LD_RUNPATH_SEARCH_PATHS = "$(inherited) @executable_path/../Frameworks @loader_path/../Frameworks";
				PRODUCT_NAME = "$(TARGET_NAME)";
				TEST_HOST = "$(BUILT_PRODUCTS_DIR)/Meet Joe.app/Contents/MacOS/Meet Joe";
			};
			name = Debug;
		};
		4B6F8D221A3402750057E654 /* Release */ = {
			isa = XCBuildConfiguration;
			buildSettings = {
				BUNDLE_LOADER = "$(TEST_HOST)";
				COMBINE_HIDPI_IMAGES = YES;
				FRAMEWORK_SEARCH_PATHS = (
					"$(DEVELOPER_FRAMEWORKS_DIR)",
					"$(inherited)",
				);
				INFOPLIST_FILE = "Meet JoeTests/Info.plist";
				LD_RUNPATH_SEARCH_PATHS = "$(inherited) @executable_path/../Frameworks @loader_path/../Frameworks";
				PRODUCT_NAME = "$(TARGET_NAME)";
				TEST_HOST = "$(BUILT_PRODUCTS_DIR)/Meet Joe.app/Contents/MacOS/Meet Joe";
			};
			name = Release;
		};
/* End XCBuildConfiguration section */

/* Begin XCConfigurationList section */
		4B6F8CFE1A3402740057E654 /* Build configuration list for PBXProject "Meet Joe" */ = {
			isa = XCConfigurationList;
			buildConfigurations = (
				4B6F8D1B1A3402750057E654 /* Debug */,
				4B6F8D1C1A3402750057E654 /* Release */,
			);
			defaultConfigurationIsVisible = 0;
			defaultConfigurationName = Release;
		};
		4B6F8D1D1A3402750057E654 /* Build configuration list for PBXNativeTarget "Meet Joe" */ = {
			isa = XCConfigurationList;
			buildConfigurations = (
				4B6F8D1E1A3402750057E654 /* Debug */,
				4B6F8D1F1A3402750057E654 /* Release */,
			);
			defaultConfigurationIsVisible = 0;
		};
		4B6F8D201A3402750057E654 /* Build configuration list for PBXNativeTarget "Meet JoeTests" */ = {
			isa = XCConfigurationList;
			buildConfigurations = (
				4B6F8D211A3402750057E654 /* Debug */,
				4B6F8D221A3402750057E654 /* Release */,
			);
			defaultConfigurationIsVisible = 0;
		};
/* End XCConfigurationList section */
	};
	rootObject = 4B6F8CFB1A3402740057E654 /* Project object */;
}
